github.com/koykov/bytealg v1.0.3 h1:za9rkXplGzR3QrHYPS9hrAxRA0+ADtGntAGymmgfIpQ=
github.com/koykov/bytealg v1.0.3/go.mod h1:OXm+Nppt6hrH+Yrffh6U9Myuj1pB5Vscx4gjJFgTLr8=
github.com/koykov/byteconv v1.0.0 h1:C8NThxj3Vcmv7f1h384Ti7F9zjVDnOy9AZj9KxTaYqM=
github.com/koykov/byteconv v1.0.0/go.mod h1:viZknv/akQJrXOQS3bZu2U7TE+gjA03LFQpSsRExZR4=
github.com/koykov/byteseq v1.0.0 h1:4OUhAUkAC1+7LH5t+ShNI9e05NCAuGh87csVtEkG62I=
github.com/koykov/byteseq v1.0.0/go.mod h1:JlIJ6P3/ocuGNRbTVyP0NVRS/ExofhOS8g7mtefjefw=
github.com/koykov/fastconv v1.0.2 h1:csOWpctD9OcpkfI07LEtqtolc4TT8Y6QG3zQvkTmhrQ=
github.com/koykov/fastconv v1.0.2/go.mod h1:9jOx5KRGe4UKHxGiDw5Yrp/qrqn2cRwH3xvFjqqCE3c=
github.com/koykov/x2bytes v1.0.1 h1:kfo9Pqmip+6s6zbQYgeNSgOA3UbyQNVmaCzkMrJdTME=
github.com/koykov/x2bytes v1.0.1/go.mod h1:5VHo/Vc0NsGBvzwg5wMrCNrI+fL+DbSUgFW4FVRzlzs=
